version = 1
revision = 3
requires-python = ">=3.11"

[[package]]
name = "lm15"
version = "1.2.1"
source = { registry = "https://pypi.org/simple" }
sdist = { url = "https://files.pythonhosted.org/packages/65/f8/504e5652a9bd0cdf5b78a1ef4f99eed90b41b9495c551ddfeaaa8b769693/lm15-1.2.1.tar.gz", hash = "sha256:f0e034f08fc6efaf2cc940f742b2aeed9b9c1ed6e0649fc0c9c1d5ef9fd6f4db", size = 698865, upload-time = "2026-10-06T18:33:59.162Z" }
wheels = [
    { url = "https://files.pythonhosted.org/packages/e2/63/898be3a97d3e753ece54ea6b2a6a65fbd25b55350c707b8671574a3dc8f8/lm15-1.2.1-py3-none-any.whl", hash = "sha256:adec085c7632505f882a72167d9dc6eab7dbd7750fd20b96bf7d3199259676d0", size = 491995, upload-time = "2026-10-06T18:33:57.697Z" },
]

[[package]]
name = "segbench"
version = "0.1.0"
source = { editable = "." }
dependencies = [
    { name = "lm15" },
]

[package.metadata]
requires-dist = [{ name = "lm15", specifier = ">=1.2.1" }]
